<?xml version="1.0" encoding="utf-8"?>
<Project ToolsVersion="4.0" xmlns="http://schemas.microsoft.com/developer/msbuild/2003">
  <ItemGroup>
    <Filter Include="Headers">
      <UniqueIdentifier>{b34314d8-4c9f-4a7d-ae48-f2f5e3d783b6}</UniqueIdentifier>
    </Filter>
    <Filter Include="Lib">
      <UniqueIdentifier>{983490c7-8486-4c78-9811-71ef005a4f66}</UniqueIdentifier>
    </Filter>
    <Filter Include="Map">
      <UniqueIdentifier>{ee23f57f-8ade-481f-aebd-b34aad522a29}</UniqueIdentifier>
    </Filter>
    <Filter Include="Class">
      <UniqueIdentifier>{262ad766-d9aa-4c8b-98d7-c3f7a925f757}</UniqueIdentifier>
    </Filter>
    <Filter Include="Class\ScreenMake">
      <UniqueIdentifier>{60225f2b-8f24-4858-bf76-c075dd36a799}</UniqueIdentifier>
    </Filter>
    <Filter Include="Collsion">
      <UniqueIdentifier>{42a568b2-9316-479b-9c7f-cfecb158e6b9}</UniqueIdentifier>
    </Filter>
    <Filter Include="Class\Player">
      <UniqueIdentifier>{2314d161-22d0-44e2-9f6a-c2588bf23a5e}</UniqueIdentifier>
    </Filter>
    <Filter Include="Class\Boss">
      <UniqueIdentifier>{c93f94f2-a252-4481-acdc-ef73e088812d}</UniqueIdentifier>
    </Filter>
    <Filter Include="Class\Class説明">
      <UniqueIdentifier>{dd7d35fc-13fa-4ff3-bf81-ace47a385e24}</UniqueIdentifier>
    </Filter>
    <Filter Include="Class\TurnManager">
      <UniqueIdentifier>{83b088f5-afa6-4edd-8499-130793d516b8}</UniqueIdentifier>
    </Filter>
    <Filter Include="Scene">
      <UniqueIdentifier>{df7c60d6-46f3-40c6-82d4-0e8cfeee88cc}</UniqueIdentifier>
    </Filter>
    <Filter Include="Scene\Title">
      <UniqueIdentifier>{aadefe90-3749-4e94-a8e7-9f75a4f54872}</UniqueIdentifier>
    </Filter>
    <Filter Include="Scene\MainGame">
      <UniqueIdentifier>{d881575a-ea61-4d3b-8b41-9c23f384df18}</UniqueIdentifier>
    </Filter>
    <Filter Include="Scene\Result">
      <UniqueIdentifier>{95742743-056a-415c-835d-e8fc9e0d1568}</UniqueIdentifier>
    </Filter>
    <Filter Include="FileSelect">
      <UniqueIdentifier>{b1dec852-0395-4c8c-bdc5-f544d4dd833d}</UniqueIdentifier>
    </Filter>
    <Filter Include="Class\CollisionMap">
      <UniqueIdentifier>{81b8897e-ce1e-41db-9bcf-29f26498b1b2}</UniqueIdentifier>
    </Filter>
    <Filter Include="Class\CollisionMap\AttackPattern">
      <UniqueIdentifier>{21e0d957-fad2-4437-8c96-131af5d39ae3}</UniqueIdentifier>
    </Filter>
  </ItemGroup>
  <ItemGroup>
    <ClInclude Include="src\lib\appEnv.hpp">
      <Filter>Headers</Filter>
    </ClInclude>
    <ClInclude Include="src\lib\audio.hpp">
      <Filter>Headers</Filter>
    </ClInclude>
    <ClInclude Include="src\lib\camera2D.hpp">
      <Filter>Headers</Filter>
    </ClInclude>
    <ClInclude Include="src\lib\defines.hpp">
      <Filter>Headers</Filter>
    </ClInclude>
    <ClInclude Include="src\lib\fileUtil.hpp">
      <Filter>Headers</Filter>
    </ClInclude>
    <ClInclude Include="src\lib\font.hpp">
      <Filter>Headers</Filter>
    </ClInclude>
    <ClInclude Include="src\lib\framework.hpp">
      <Filter>Headers</Filter>
    </ClInclude>
    <ClInclude Include="src\lib\gamePad.hpp">
      <Filter>Headers</Filter>
    </ClInclude>
    <ClInclude Include="src\lib\glExt.hpp">
      <Filter>Headers</Filter>
    </ClInclude>
    <ClInclude Include="src\lib\glfwWindow.hpp">
      <Filter>Headers</Filter>
    </ClInclude>
    <ClInclude Include="src\lib\glTexture.hpp">
      <Filter>Headers</Filter>
    </ClInclude>
    <ClInclude Include="src\lib\graph.hpp">
      <Filter>Headers</Filter>
    </ClInclude>
    <ClInclude Include="src\lib\matrix.hpp">
      <Filter>Headers</Filter>
    </ClInclude>
    <ClInclude Include="src\lib\os.hpp">
      <Filter>Headers</Filter>
    </ClInclude>
    <ClInclude Include="src\lib\os_osx.hpp">
      <Filter>Headers</Filter>
    </ClInclude>
    <ClInclude Include="src\lib\os_win.hpp">
      <Filter>Headers</Filter>
    </ClInclude>
    <ClInclude Include="src\lib\png.hpp">
      <Filter>Headers</Filter>
    </ClInclude>
    <ClInclude Include="src\lib\random.hpp">
      <Filter>Headers</Filter>
    </ClInclude>
    <ClInclude Include="src\lib\streaming.hpp">
      <Filter>Headers</Filter>
    </ClInclude>
    <ClInclude Include="src\lib\streamWav.hpp">
      <Filter>Headers</Filter>
    </ClInclude>
    <ClInclude Include="src\lib\texture.hpp">
      <Filter>Headers</Filter>
    </ClInclude>
    <ClInclude Include="src\lib\utils.hpp">
      <Filter>Headers</Filter>
    </ClInclude>
    <ClInclude Include="src\lib\vector.hpp">
      <Filter>Headers</Filter>
    </ClInclude>
    <ClInclude Include="src\lib\wav.hpp">
      <Filter>Headers</Filter>
    </ClInclude>
    <ClInclude Include="src\Map.h">
      <Filter>Map</Filter>
    </ClInclude>
    <ClInclude Include="src\ScreenMake.h">
      <Filter>Class\ScreenMake</Filter>
    </ClInclude>
    <ClInclude Include="src\Collision.h">
      <Filter>Collsion</Filter>
    </ClInclude>
    <ClInclude Include="src\Player.h">
      <Filter>Class\Player</Filter>
    </ClInclude>
    <ClInclude Include="src\Boss.h">
      <Filter>Class\Boss</Filter>
    </ClInclude>
    <ClInclude Include="src\Struct.h">
      <Filter>Class</Filter>
    </ClInclude>
    <ClInclude Include="src\Class.h">
      <Filter>Class\Class説明</Filter>
    </ClInclude>
    <ClInclude Include="src\TurnManager.h">
      <Filter>Class\TurnManager</Filter>
    </ClInclude>
    <ClInclude Include="src\FileSelect.h">
      <Filter>FileSelect</Filter>
    </ClInclude>
    <ClInclude Include="src\AttackPattern1.h">
      <Filter>Class\CollisionMap\AttackPattern</Filter>
    </ClInclude>
    <ClInclude Include="src\AttackPatternBase.h">
      <Filter>Class\CollisionMap\AttackPattern</Filter>
    </ClInclude>
    <ClInclude Include="src\CollisionMap.h">
      <Filter>Class\CollisionMap</Filter>
    </ClInclude>
    <ClInclude Include="src\AttackPattern2.h">
      <Filter>Class\CollisionMap\AttackPattern</Filter>
    </ClInclude>
    <ClInclude Include="src\AttackPattern3.h">
      <Filter>Class\CollisionMap\AttackPattern</Filter>
    </ClInclude>
  </ItemGroup>
  <ItemGroup>
    <ClCompile Include="src\lib\appEnv.cpp">
      <Filter>Lib</Filter>
    </ClCompile>
    <ClCompile Include="src\lib\audio.cpp">
      <Filter>Lib</Filter>
    </ClCompile>
    <ClCompile Include="src\lib\camera2D.cpp">
      <Filter>Lib</Filter>
    </ClCompile>
    <ClCompile Include="src\lib\fileUtil.cpp">
      <Filter>Lib</Filter>
    </ClCompile>
    <ClCompile Include="src\lib\font.cpp">
      <Filter>Lib</Filter>
    </ClCompile>
    <ClCompile Include="src\lib\gamePad.cpp">
      <Filter>Lib</Filter>
    </ClCompile>
    <ClCompile Include="src\lib\glExt.cpp">
      <Filter>Lib</Filter>
    </ClCompile>
    <ClCompile Include="src\lib\glfwWindow.cpp">
      <Filter>Lib</Filter>
    </ClCompile>
    <ClCompile Include="src\lib\glTexture.cpp">
      <Filter>Lib</Filter>
    </ClCompile>
    <ClCompile Include="src\lib\graph.cpp">
      <Filter>Lib</Filter>
    </ClCompile>
    <ClCompile Include="src\lib\matrix.cpp">
      <Filter>Lib</Filter>
    </ClCompile>
    <ClCompile Include="src\lib\os_osx.cpp">
      <Filter>Lib</Filter>
    </ClCompile>
    <ClCompile Include="src\lib\os_win.cpp">
      <Filter>Lib</Filter>
    </ClCompile>
    <ClCompile Include="src\lib\png.cpp">
      <Filter>Lib</Filter>
    </ClCompile>
    <ClCompile Include="src\lib\random.cpp">
      <Filter>Lib</Filter>
    </ClCompile>
    <ClCompile Include="src\lib\streaming.cpp">
      <Filter>Lib</Filter>
    </ClCompile>
    <ClCompile Include="src\lib\streamWav.cpp">
      <Filter>Lib</Filter>
    </ClCompile>
    <ClCompile Include="src\lib\texture.cpp">
      <Filter>Lib</Filter>
    </ClCompile>
    <ClCompile Include="src\lib\utils.cpp">
      <Filter>Lib</Filter>
    </ClCompile>
    <ClCompile Include="src\lib\wav.cpp">
      <Filter>Lib</Filter>
    </ClCompile>
    <ClCompile Include="src\main.cpp" />
    <ClCompile Include="src\Map.cpp">
      <Filter>Map</Filter>
    </ClCompile>
    <ClCompile Include="src\Collision.cpp">
      <Filter>Collsion</Filter>
    </ClCompile>
    <ClCompile Include="src\Player.cpp">
      <Filter>Class\Player</Filter>
    </ClCompile>
    <ClCompile Include="src\Boss.cpp">
      <Filter>Class\Boss</Filter>
    </ClCompile>
    <ClCompile Include="src\Class.cpp">
      <Filter>Class\Class説明</Filter>
    </ClCompile>
    <ClCompile Include="src\TurnManager.cpp">
      <Filter>Class\TurnManager</Filter>
    </ClCompile>
    <ClCompile Include="src\FileSelect.cpp">
      <Filter>FileSelect</Filter>
    </ClCompile>
    <ClCompile Include="src\AttackPattern1.cpp">
      <Filter>Class\CollisionMap\AttackPattern</Filter>
    </ClCompile>
    <ClCompile Include="src\CollisionMap.cpp">
      <Filter>Class\CollisionMap</Filter>
    </ClCompile>
    <ClCompile Include="src\AttackPattern2.cpp">
      <Filter>Class\CollisionMap\AttackPattern</Filter>
    </ClCompile>
  </ItemGroup>
</Project>